
Microsoft Visual Studio Solution File, Format Version 12.00
# Visual Studio Version 17
VisualStudioVersion = 17.4.33205.214
MinimumVisualStudioVersion = 10.0.40219.1
Project("{2150E333-8FDC-42A3-9474-1A3956D46DE8}") = "Solution Items", "Solution Items", "{E169EFAF-F6EA-4745-8885-12EACD4EAEBD}"
	ProjectSection(SolutionItems) = preProject
		.editorconfig = .editorconfig
		.gitattributes = .gitattributes
		.gitignore = .gitignore
		CHANGELOG.md = CHANGELOG.md
		FixLineEndings.bat = FixLineEndings.bat
		LICENSE.md = LICENSE.md
		README.md = README.md
		RenameSymbolsToPackage.ps1 = RenameSymbolsToPackage.ps1
	EndProjectSection
EndProject
Project("{9A19103F-16F7-4668-BE54-9A1E7A4F7556}") = "Sharlayan", "Sharlayan\Sharlayan.csproj", "{6C0B1BF4-CBE2-4D02-B571-30A298E286BE}"
EndProject
Project("{FAE04EC0-301F-11D3-BF4B-00C04F79EFBC}") = "FFXIVClientStructsETL", "FFXIVClientStructsETL\FFXIVClientStructsETL.csproj", "{C9363ED4-F62F-4ABF-ADDC-70F3725397CA}"
EndProject
Project("{FAE04EC0-301F-11D3-BF4B-00C04F79EFBC}") = "Sharlayan.Harness", "Sharlayan.Harness\Sharlayan.Harness.csproj", "{85CEB7B6-B9C8-475B-A9EC-DAE7FEC16EB7}"
EndProject
Project("{FAE04EC0-301F-11D3-BF4B-00C04F79EFBC}") = "Sharlayan.Tests", "Sharlayan.Tests\Sharlayan.Tests.csproj", "{B64C1710-4EF1-431D-8175-E95C281F3CB5}"
EndProject
Global
	GlobalSection(SolutionConfigurationPlatforms) = preSolution
		Debug|Any CPU = Debug|Any CPU
		Debug|arm64 = Debug|arm64
		Debug|x64 = Debug|x64
		Debug|x86 = Debug|x86
		Release|Any CPU = Release|Any CPU
		Release|arm64 = Release|arm64
		Release|x64 = Release|x64
		Release|x86 = Release|x86
		ReleaseDeploy|Any CPU = ReleaseDeploy|Any CPU
		ReleaseDeploy|arm64 = ReleaseDeploy|arm64
		ReleaseDeploy|x64 = ReleaseDeploy|x64
		ReleaseDeploy|x86 = ReleaseDeploy|x86
	EndGlobalSection
	GlobalSection(ProjectConfigurationPlatforms) = postSolution
		{6C0B1BF4-CBE2-4D02-B571-30A298E286BE}.Debug|Any CPU.ActiveCfg = Debug|Any CPU
		{6C0B1BF4-CBE2-4D02-B571-30A298E286BE}.Debug|Any CPU.Build.0 = Debug|Any CPU
		{6C0B1BF4-CBE2-4D02-B571-30A298E286BE}.Debug|arm64.ActiveCfg = Debug|Any CPU
		{6C0B1BF4-CBE2-4D02-B571-30A298E286BE}.Debug|arm64.Build.0 = Debug|Any CPU
		{6C0B1BF4-CBE2-4D02-B571-30A298E286BE}.Debug|x64.ActiveCfg = Debug|Any CPU
		{6C0B1BF4-CBE2-4D02-B571-30A298E286BE}.Debug|x64.Build.0 = Debug|Any CPU
		{6C0B1BF4-CBE2-4D02-B571-30A298E286BE}.Debug|x86.ActiveCfg = Debug|Any CPU
		{6C0B1BF4-CBE2-4D02-B571-30A298E286BE}.Debug|x86.Build.0 = Debug|Any CPU
		{6C0B1BF4-CBE2-4D02-B571-30A298E286BE}.Release|Any CPU.ActiveCfg = Release|Any CPU
		{6C0B1BF4-CBE2-4D02-B571-30A298E286BE}.Release|Any CPU.Build.0 = Release|Any CPU
		{6C0B1BF4-CBE2-4D02-B571-30A298E286BE}.Release|arm64.ActiveCfg = Release|Any CPU
		{6C0B1BF4-CBE2-4D02-B571-30A298E286BE}.Release|arm64.Build.0 = Release|Any CPU
		{6C0B1BF4-CBE2-4D02-B571-30A298E286BE}.Release|x64.ActiveCfg = Release|Any CPU
		{6C0B1BF4-CBE2-4D02-B571-30A298E286BE}.Release|x64.Build.0 = Release|Any CPU
		{6C0B1BF4-CBE2-4D02-B571-30A298E286BE}.Release|x86.ActiveCfg = Release|Any CPU
		{6C0B1BF4-CBE2-4D02-B571-30A298E286BE}.Release|x86.Build.0 = Release|Any CPU
		{6C0B1BF4-CBE2-4D02-B571-30A298E286BE}.ReleaseDeploy|Any CPU.ActiveCfg = Release|Any CPU
		{6C0B1BF4-CBE2-4D02-B571-30A298E286BE}.ReleaseDeploy|Any CPU.Build.0 = Release|Any CPU
		{6C0B1BF4-CBE2-4D02-B571-30A298E286BE}.ReleaseDeploy|arm64.ActiveCfg = Release|Any CPU
		{6C0B1BF4-CBE2-4D02-B571-30A298E286BE}.ReleaseDeploy|arm64.Build.0 = Release|Any CPU
		{6C0B1BF4-CBE2-4D02-B571-30A298E286BE}.ReleaseDeploy|x64.ActiveCfg = Release|Any CPU
		{6C0B1BF4-CBE2-4D02-B571-30A298E286BE}.ReleaseDeploy|x64.Build.0 = Release|Any CPU
		{6C0B1BF4-CBE2-4D02-B571-30A298E286BE}.ReleaseDeploy|x86.ActiveCfg = Release|Any CPU
		{6C0B1BF4-CBE2-4D02-B571-30A298E286BE}.ReleaseDeploy|x86.Build.0 = Release|Any CPU
		{C9363ED4-F62F-4ABF-ADDC-70F3725397CA}.Debug|Any CPU.ActiveCfg = Debug|Any CPU
		{C9363ED4-F62F-4ABF-ADDC-70F3725397CA}.Debug|Any CPU.Build.0 = Debug|Any CPU
		{C9363ED4-F62F-4ABF-ADDC-70F3725397CA}.Debug|arm64.ActiveCfg = Debug|Any CPU
		{C9363ED4-F62F-4ABF-ADDC-70F3725397CA}.Debug|arm64.Build.0 = Debug|Any CPU
		{C9363ED4-F62F-4ABF-ADDC-70F3725397CA}.Debug|x64.ActiveCfg = Debug|Any CPU
		{C9363ED4-F62F-4ABF-ADDC-70F3725397CA}.Debug|x64.Build.0 = Debug|Any CPU
		{C9363ED4-F62F-4ABF-ADDC-70F3725397CA}.Debug|x86.ActiveCfg = Debug|Any CPU
		{C9363ED4-F62F-4ABF-ADDC-70F3725397CA}.Debug|x86.Build.0 = Debug|Any CPU
		{C9363ED4-F62F-4ABF-ADDC-70F3725397CA}.Release|Any CPU.ActiveCfg = Release|Any CPU
		{C9363ED4-F62F-4ABF-ADDC-70F3725397CA}.Release|Any CPU.Build.0 = Release|Any CPU
		{C9363ED4-F62F-4ABF-ADDC-70F3725397CA}.Release|arm64.ActiveCfg = Release|Any CPU
		{C9363ED4-F62F-4ABF-ADDC-70F3725397CA}.Release|arm64.Build.0 = Release|Any CPU
		{C9363ED4-F62F-4ABF-ADDC-70F3725397CA}.Release|x64.ActiveCfg = Release|Any CPU
		{C9363ED4-F62F-4ABF-ADDC-70F3725397CA}.Release|x64.Build.0 = Release|Any CPU
		{C9363ED4-F62F-4ABF-ADDC-70F3725397CA}.Release|x86.ActiveCfg = Release|Any CPU
		{C9363ED4-F62F-4ABF-ADDC-70F3725397CA}.Release|x86.Build.0 = Release|Any CPU
		{C9363ED4-F62F-4ABF-ADDC-70F3725397CA}.ReleaseDeploy|Any CPU.ActiveCfg = Release|Any CPU
		{C9363ED4-F62F-4ABF-ADDC-70F3725397CA}.ReleaseDeploy|Any CPU.Build.0 = Release|Any CPU
		{C9363ED4-F62F-4ABF-ADDC-70F3725397CA}.ReleaseDeploy|arm64.ActiveCfg = Release|Any CPU
		{C9363ED4-F62F-4ABF-ADDC-70F3725397CA}.ReleaseDeploy|arm64.Build.0 = Release|Any CPU
		{C9363ED4-F62F-4ABF-ADDC-70F3725397CA}.ReleaseDeploy|x64.ActiveCfg = Release|Any CPU
		{C9363ED4-F62F-4ABF-ADDC-70F3725397CA}.ReleaseDeploy|x64.Build.0 = Release|Any CPU
		{C9363ED4-F62F-4ABF-ADDC-70F3725397CA}.ReleaseDeploy|x86.ActiveCfg = Release|Any CPU
		{C9363ED4-F62F-4ABF-ADDC-70F3725397CA}.ReleaseDeploy|x86.Build.0 = Release|Any CPU
		{85CEB7B6-B9C8-475B-A9EC-DAE7FEC16EB7}.Debug|Any CPU.ActiveCfg = Debug|Any CPU
		{85CEB7B6-B9C8-475B-A9EC-DAE7FEC16EB7}.Debug|Any CPU.Build.0 = Debug|Any CPU
		{85CEB7B6-B9C8-475B-A9EC-DAE7FEC16EB7}.Debug|arm64.ActiveCfg = Debug|Any CPU
		{85CEB7B6-B9C8-475B-A9EC-DAE7FEC16EB7}.Debug|arm64.Build.0 = Debug|Any CPU
		{85CEB7B6-B9C8-475B-A9EC-DAE7FEC16EB7}.Debug|x64.ActiveCfg = Debug|Any CPU
		{85CEB7B6-B9C8-475B-A9EC-DAE7FEC16EB7}.Debug|x64.Build.0 = Debug|Any CPU
		{85CEB7B6-B9C8-475B-A9EC-DAE7FEC16EB7}.Debug|x86.ActiveCfg = Debug|Any CPU
		{85CEB7B6-B9C8-475B-A9EC-DAE7FEC16EB7}.Debug|x86.Build.0 = Debug|Any CPU
		{85CEB7B6-B9C8-475B-A9EC-DAE7FEC16EB7}.Release|Any CPU.ActiveCfg = Release|Any CPU
		{85CEB7B6-B9C8-475B-A9EC-DAE7FEC16EB7}.Release|Any CPU.Build.0 = Release|Any CPU
		{85CEB7B6-B9C8-475B-A9EC-DAE7FEC16EB7}.Release|arm64.ActiveCfg = Release|Any CPU
		{85CEB7B6-B9C8-475B-A9EC-DAE7FEC16EB7}.Release|arm64.Build.0 = Release|Any CPU
		{85CEB7B6-B9C8-475B-A9EC-DAE7FEC16EB7}.Release|x64.ActiveCfg = Release|Any CPU
		{85CEB7B6-B9C8-475B-A9EC-DAE7FEC16EB7}.Release|x64.Build.0 = Release|Any CPU
		{85CEB7B6-B9C8-475B-A9EC-DAE7FEC16EB7}.Release|x86.ActiveCfg = Release|Any CPU
		{85CEB7B6-B9C8-475B-A9EC-DAE7FEC16EB7}.Release|x86.Build.0 = Release|Any CPU
		{85CEB7B6-B9C8-475B-A9EC-DAE7FEC16EB7}.ReleaseDeploy|Any CPU.ActiveCfg = Debug|Any CPU
		{85CEB7B6-B9C8-475B-A9EC-DAE7FEC16EB7}.ReleaseDeploy|Any CPU.Build.0 = Debug|Any CPU
		{85CEB7B6-B9C8-475B-A9EC-DAE7FEC16EB7}.ReleaseDeploy|arm64.ActiveCfg = Debug|Any CPU
		{85CEB7B6-B9C8-475B-A9EC-DAE7FEC16EB7}.ReleaseDeploy|arm64.Build.0 = Debug|Any CPU
		{85CEB7B6-B9C8-475B-A9EC-DAE7FEC16EB7}.ReleaseDeploy|x64.ActiveCfg = Debug|Any CPU
		{85CEB7B6-B9C8-475B-A9EC-DAE7FEC16EB7}.ReleaseDeploy|x64.Build.0 = Debug|Any CPU
		{85CEB7B6-B9C8-475B-A9EC-DAE7FEC16EB7}.ReleaseDeploy|x86.ActiveCfg = Debug|Any CPU
		{85CEB7B6-B9C8-475B-A9EC-DAE7FEC16EB7}.ReleaseDeploy|x86.Build.0 = Debug|Any CPU
		{B64C1710-4EF1-431D-8175-E95C281F3CB5}.Debug|Any CPU.ActiveCfg = Debug|Any CPU
		{B64C1710-4EF1-431D-8175-E95C281F3CB5}.Debug|Any CPU.Build.0 = Debug|Any CPU
		{B64C1710-4EF1-431D-8175-E95C281F3CB5}.Debug|arm64.ActiveCfg = Debug|Any CPU
		{B64C1710-4EF1-431D-8175-E95C281F3CB5}.Debug|arm64.Build.0 = Debug|Any CPU
		{B64C1710-4EF1-431D-8175-E95C281F3CB5}.Debug|x64.ActiveCfg = Debug|Any CPU
		{B64C1710-4EF1-431D-8175-E95C281F3CB5}.Debug|x64.Build.0 = Debug|Any CPU
		{B64C1710-4EF1-431D-8175-E95C281F3CB5}.Debug|x86.ActiveCfg = Debug|Any CPU
		{B64C1710-4EF1-431D-8175-E95C281F3CB5}.Debug|x86.Build.0 = Debug|Any CPU
		{B64C1710-4EF1-431D-8175-E95C281F3CB5}.Release|Any CPU.ActiveCfg = Release|Any CPU
		{B64C1710-4EF1-431D-8175-E95C281F3CB5}.Release|Any CPU.Build.0 = Release|Any CPU
		{B64C1710-4EF1-431D-8175-E95C281F3CB5}.Release|arm64.ActiveCfg = Release|Any CPU
		{B64C1710-4EF1-431D-8175-E95C281F3CB5}.Release|arm64.Build.0 = Release|Any CPU
		{B64C1710-4EF1-431D-8175-E95C281F3CB5}.Release|x64.ActiveCfg = Release|Any CPU
		{B64C1710-4EF1-431D-8175-E95C281F3CB5}.Release|x64.Build.0 = Release|Any CPU
		{B64C1710-4EF1-431D-8175-E95C281F3CB5}.Release|x86.ActiveCfg = Release|Any CPU
		{B64C1710-4EF1-431D-8175-E95C281F3CB5}.Release|x86.Build.0 = Release|Any CPU
		{B64C1710-4EF1-431D-8175-E95C281F3CB5}.ReleaseDeploy|Any CPU.ActiveCfg = Debug|Any CPU
		{B64C1710-4EF1-431D-8175-E95C281F3CB5}.ReleaseDeploy|Any CPU.Build.0 = Debug|Any CPU
		{B64C1710-4EF1-431D-8175-E95C281F3CB5}.ReleaseDeploy|arm64.ActiveCfg = Debug|Any CPU
		{B64C1710-4EF1-431D-8175-E95C281F3CB5}.ReleaseDeploy|arm64.Build.0 = Debug|Any CPU
		{B64C1710-4EF1-431D-8175-E95C281F3CB5}.ReleaseDeploy|x64.ActiveCfg = Debug|Any CPU
		{B64C1710-4EF1-431D-8175-E95C281F3CB5}.ReleaseDeploy|x64.Build.0 = Debug|Any CPU
		{B64C1710-4EF1-431D-8175-E95C281F3CB5}.ReleaseDeploy|x86.ActiveCfg = Debug|Any CPU
		{B64C1710-4EF1-431D-8175-E95C281F3CB5}.ReleaseDeploy|x86.Build.0 = Debug|Any CPU
	EndGlobalSection
	GlobalSection(SolutionProperties) = preSolution
		HideSolutionNode = FALSE
	EndGlobalSection
	GlobalSection(ExtensibilityGlobals) = postSolution
		SolutionGuid = {9B2210AE-8EEB-45B5-AE24-73BE4C3F8453}
	EndGlobalSection
EndGlobal
