
Microsoft Visual Studio Solution File, Format Version 12.00
# Visual Studio Version 16
VisualStudioVersion = 16.0.30011.22
MinimumVisualStudioVersion = 10.0.40219.1
Project("{FAE04EC0-301F-11D3-BF4B-00C04F79EFBC}") = "Sharlayan", "Sharlayan\Sharlayan.csproj", "{1C0EBCC7-5550-48C8-9492-27853C02B76B}"
Project("{FAE04EC0-301F-11D3-BF4B-00C04F79EFBC}") = "Sharlayan", "Sharlayan\Sharlayan.csproj", "{49C85043-6646-46FD-A262-E2EA0ED1DF82}"
EndProject
Project("{FAE04EC0-301F-11D3-BF4B-00C04F79EFBC}") = "Bootstrapper", "Bootstrapper\Bootstrapper.csproj", "{FCAD4340-866B-4153-8A55-311224B764F6}"
EndProject
Project("{2150E333-8FDC-42A3-9474-1A3956D46DE8}") = "Solution Items", "Solution Items", "{E169EFAF-F6EA-4745-8885-12EACD4EAEBD}"
	ProjectSection(SolutionItems) = preProject
		CHANGELOG.md = CHANGELOG.md
		README.md = README.md
	EndProjectSection
EndProject
Global
	GlobalSection(SolutionConfigurationPlatforms) = preSolution
		Debug|Any CPU = Debug|Any CPU
		Release|Any CPU = Release|Any CPU
		ReleaseDeploy|Any CPU = ReleaseDeploy|Any CPU
	EndGlobalSection
	GlobalSection(ProjectConfigurationPlatforms) = postSolution
		{1C0EBCC7-5550-48C8-9492-27853C02B76B}.Debug|Any CPU.ActiveCfg = Debug|Any CPU
		{1C0EBCC7-5550-48C8-9492-27853C02B76B}.Debug|Any CPU.Build.0 = Debug|Any CPU
		{1C0EBCC7-5550-48C8-9492-27853C02B76B}.Release|Any CPU.ActiveCfg = Release|Any CPU
		{1C0EBCC7-5550-48C8-9492-27853C02B76B}.Release|Any CPU.Build.0 = Release|Any CPU
		{FCAD4340-866B-4153-8A55-311224B764F6}.Debug|Any CPU.ActiveCfg = Debug|Any CPU
		{FCAD4340-866B-4153-8A55-311224B764F6}.Debug|Any CPU.Build.0 = Debug|Any CPU
		{FCAD4340-866B-4153-8A55-311224B764F6}.Release|Any CPU.ActiveCfg = Release|Any CPU
		{FCAD4340-866B-4153-8A55-311224B764F6}.Release|Any CPU.Build.0 = Release|Any CPU
		{49C85043-6646-46FD-A262-E2EA0ED1DF82}.Debug|Any CPU.ActiveCfg = Debug|x86
		{49C85043-6646-46FD-A262-E2EA0ED1DF82}.Debug|Any CPU.Build.0 = Debug|x86
		{49C85043-6646-46FD-A262-E2EA0ED1DF82}.Release|Any CPU.ActiveCfg = Release|x86
		{49C85043-6646-46FD-A262-E2EA0ED1DF82}.Release|Any CPU.Build.0 = Release|x86
		{49C85043-6646-46FD-A262-E2EA0ED1DF82}.ReleaseDeploy|Any CPU.ActiveCfg = ReleaseDeploy|x86
		{49C85043-6646-46FD-A262-E2EA0ED1DF82}.ReleaseDeploy|Any CPU.Build.0 = ReleaseDeploy|x86
		{FCAD4340-866B-4153-8A55-311224B764F6}.Debug|Any CPU.ActiveCfg = Debug|x86
		{FCAD4340-866B-4153-8A55-311224B764F6}.Debug|Any CPU.Build.0 = Debug|x86
		{FCAD4340-866B-4153-8A55-311224B764F6}.Release|Any CPU.ActiveCfg = Release|x86
		{FCAD4340-866B-4153-8A55-311224B764F6}.Release|Any CPU.Build.0 = Release|x86
		{FCAD4340-866B-4153-8A55-311224B764F6}.ReleaseDeploy|Any CPU.ActiveCfg = Release|x86
	EndGlobalSection
	GlobalSection(SolutionProperties) = preSolution
		HideSolutionNode = FALSE
	EndGlobalSection
	GlobalSection(ExtensibilityGlobals) = postSolution
		SolutionGuid = {9B2210AE-8EEB-45B5-AE24-73BE4C3F8453}
	EndGlobalSection
EndGlobal
