
Microsoft Visual Studio Solution File, Format Version 12.00
# Visual Studio Version 16
VisualStudioVersion = 16.0.30011.22
MinimumVisualStudioVersion = 10.0.40219.1
Project("{2150E333-8FDC-42A3-9474-1A3956D46DE8}") = "Solution Items", "Solution Items", "{E169EFAF-F6EA-4745-8885-12EACD4EAEBD}"
	ProjectSection(SolutionItems) = preProject
		.editorconfig = .editorconfig
		.gitattributes = .gitattributes
		.gitignore = .gitignore
		CHANGELOG.md = CHANGELOG.md
		FixLineEndings.bat = FixLineEndings.bat
		LICENSE.md = LICENSE.md
		README.md = README.md
		RenameSymbolsToPackage.ps1 = RenameSymbolsToPackage.ps1
	EndProjectSection
EndProject
Project("{9A19103F-16F7-4668-BE54-9A1E7A4F7556}") = "Sharlayan", "Sharlayan\Sharlayan.csproj", "{6C0B1BF4-CBE2-4D02-B571-30A298E286BE}"
EndProject
Project("{9A19103F-16F7-4668-BE54-9A1E7A4F7556}") = "BootstrappedWPF", "BootstrappedWPF\BootstrappedWPF.csproj", "{6870ADE3-1EA7-4E7F-AFCB-749AB7EA6151}"
EndProject
Project("{9A19103F-16F7-4668-BE54-9A1E7A4F7556}") = "BootstrappedConsole", "BootstrappedConsole\BootstrappedConsole.csproj", "{5BA0429B-9568-4DB2-8C8F-C3BCB1AF5D25}"
EndProject
Project("{9A19103F-16F7-4668-BE54-9A1E7A4F7556}") = "BootstrappedElectron", "BootstrappedElectron\BootstrappedElectron.csproj", "{B197EFCA-223B-4D45-8BA4-860FB1CFB3FB}"
EndProject
Project("{9A19103F-16F7-4668-BE54-9A1E7A4F7556}") = "BootstrappedWPF.Launcher", "BootstrappedWPF.Launcher\BootstrappedWPF.Launcher.csproj", "{A034DA5D-51EF-4F3C-A69A-3355340F53F8}"
EndProject
Global
	GlobalSection(SolutionConfigurationPlatforms) = preSolution
		Debug|Any CPU = Debug|Any CPU
		Debug|arm64 = Debug|arm64
		Debug|x64 = Debug|x64
		Debug|x86 = Debug|x86
		Release|Any CPU = Release|Any CPU
		Release|arm64 = Release|arm64
		Release|x64 = Release|x64
		Release|x86 = Release|x86
		ReleaseDeploy|Any CPU = ReleaseDeploy|Any CPU
		ReleaseDeploy|arm64 = ReleaseDeploy|arm64
		ReleaseDeploy|x64 = ReleaseDeploy|x64
		ReleaseDeploy|x86 = ReleaseDeploy|x86
	EndGlobalSection
	GlobalSection(ProjectConfigurationPlatforms) = postSolution
		{6C0B1BF4-CBE2-4D02-B571-30A298E286BE}.Debug|Any CPU.ActiveCfg = Debug|Any CPU
		{6C0B1BF4-CBE2-4D02-B571-30A298E286BE}.Debug|Any CPU.Build.0 = Debug|Any CPU
		{6C0B1BF4-CBE2-4D02-B571-30A298E286BE}.Debug|arm64.ActiveCfg = Debug|Any CPU
		{6C0B1BF4-CBE2-4D02-B571-30A298E286BE}.Debug|arm64.Build.0 = Debug|Any CPU
		{6C0B1BF4-CBE2-4D02-B571-30A298E286BE}.Debug|x64.ActiveCfg = Debug|Any CPU
		{6C0B1BF4-CBE2-4D02-B571-30A298E286BE}.Debug|x64.Build.0 = Debug|Any CPU
		{6C0B1BF4-CBE2-4D02-B571-30A298E286BE}.Debug|x86.ActiveCfg = Debug|Any CPU
		{6C0B1BF4-CBE2-4D02-B571-30A298E286BE}.Debug|x86.Build.0 = Debug|Any CPU
		{6C0B1BF4-CBE2-4D02-B571-30A298E286BE}.Release|Any CPU.ActiveCfg = Release|Any CPU
		{6C0B1BF4-CBE2-4D02-B571-30A298E286BE}.Release|Any CPU.Build.0 = Release|Any CPU
		{6C0B1BF4-CBE2-4D02-B571-30A298E286BE}.Release|arm64.ActiveCfg = Release|Any CPU
		{6C0B1BF4-CBE2-4D02-B571-30A298E286BE}.Release|arm64.Build.0 = Release|Any CPU
		{6C0B1BF4-CBE2-4D02-B571-30A298E286BE}.Release|x64.ActiveCfg = Release|Any CPU
		{6C0B1BF4-CBE2-4D02-B571-30A298E286BE}.Release|x64.Build.0 = Release|Any CPU
		{6C0B1BF4-CBE2-4D02-B571-30A298E286BE}.Release|x86.ActiveCfg = Release|Any CPU
		{6C0B1BF4-CBE2-4D02-B571-30A298E286BE}.Release|x86.Build.0 = Release|Any CPU
		{6C0B1BF4-CBE2-4D02-B571-30A298E286BE}.ReleaseDeploy|Any CPU.ActiveCfg = Release|Any CPU
		{6C0B1BF4-CBE2-4D02-B571-30A298E286BE}.ReleaseDeploy|Any CPU.Build.0 = Release|Any CPU
		{6C0B1BF4-CBE2-4D02-B571-30A298E286BE}.ReleaseDeploy|arm64.ActiveCfg = Release|Any CPU
		{6C0B1BF4-CBE2-4D02-B571-30A298E286BE}.ReleaseDeploy|arm64.Build.0 = Release|Any CPU
		{6C0B1BF4-CBE2-4D02-B571-30A298E286BE}.ReleaseDeploy|x64.ActiveCfg = Release|Any CPU
		{6C0B1BF4-CBE2-4D02-B571-30A298E286BE}.ReleaseDeploy|x64.Build.0 = Release|Any CPU
		{6C0B1BF4-CBE2-4D02-B571-30A298E286BE}.ReleaseDeploy|x86.ActiveCfg = Release|Any CPU
		{6C0B1BF4-CBE2-4D02-B571-30A298E286BE}.ReleaseDeploy|x86.Build.0 = Release|Any CPU
		{6870ADE3-1EA7-4E7F-AFCB-749AB7EA6151}.Debug|Any CPU.ActiveCfg = Debug|Any CPU
		{6870ADE3-1EA7-4E7F-AFCB-749AB7EA6151}.Debug|Any CPU.Build.0 = Debug|Any CPU
		{6870ADE3-1EA7-4E7F-AFCB-749AB7EA6151}.Debug|arm64.ActiveCfg = Debug|Any CPU
		{6870ADE3-1EA7-4E7F-AFCB-749AB7EA6151}.Debug|arm64.Build.0 = Debug|Any CPU
		{6870ADE3-1EA7-4E7F-AFCB-749AB7EA6151}.Debug|x64.ActiveCfg = Debug|Any CPU
		{6870ADE3-1EA7-4E7F-AFCB-749AB7EA6151}.Debug|x64.Build.0 = Debug|Any CPU
		{6870ADE3-1EA7-4E7F-AFCB-749AB7EA6151}.Debug|x86.ActiveCfg = Debug|Any CPU
		{6870ADE3-1EA7-4E7F-AFCB-749AB7EA6151}.Debug|x86.Build.0 = Debug|Any CPU
		{6870ADE3-1EA7-4E7F-AFCB-749AB7EA6151}.Release|Any CPU.ActiveCfg = Release|Any CPU
		{6870ADE3-1EA7-4E7F-AFCB-749AB7EA6151}.Release|Any CPU.Build.0 = Release|Any CPU
		{6870ADE3-1EA7-4E7F-AFCB-749AB7EA6151}.Release|arm64.ActiveCfg = Release|Any CPU
		{6870ADE3-1EA7-4E7F-AFCB-749AB7EA6151}.Release|arm64.Build.0 = Release|Any CPU
		{6870ADE3-1EA7-4E7F-AFCB-749AB7EA6151}.Release|x64.ActiveCfg = Release|Any CPU
		{6870ADE3-1EA7-4E7F-AFCB-749AB7EA6151}.Release|x64.Build.0 = Release|Any CPU
		{6870ADE3-1EA7-4E7F-AFCB-749AB7EA6151}.Release|x86.ActiveCfg = Release|Any CPU
		{6870ADE3-1EA7-4E7F-AFCB-749AB7EA6151}.Release|x86.Build.0 = Release|Any CPU
		{6870ADE3-1EA7-4E7F-AFCB-749AB7EA6151}.ReleaseDeploy|Any CPU.ActiveCfg = Release|Any CPU
		{6870ADE3-1EA7-4E7F-AFCB-749AB7EA6151}.ReleaseDeploy|Any CPU.Build.0 = Release|Any CPU
		{6870ADE3-1EA7-4E7F-AFCB-749AB7EA6151}.ReleaseDeploy|arm64.ActiveCfg = Release|Any CPU
		{6870ADE3-1EA7-4E7F-AFCB-749AB7EA6151}.ReleaseDeploy|arm64.Build.0 = Release|Any CPU
		{6870ADE3-1EA7-4E7F-AFCB-749AB7EA6151}.ReleaseDeploy|x64.ActiveCfg = Release|Any CPU
		{6870ADE3-1EA7-4E7F-AFCB-749AB7EA6151}.ReleaseDeploy|x64.Build.0 = Release|Any CPU
		{6870ADE3-1EA7-4E7F-AFCB-749AB7EA6151}.ReleaseDeploy|x86.ActiveCfg = Release|Any CPU
		{6870ADE3-1EA7-4E7F-AFCB-749AB7EA6151}.ReleaseDeploy|x86.Build.0 = Release|Any CPU
		{5BA0429B-9568-4DB2-8C8F-C3BCB1AF5D25}.Debug|Any CPU.ActiveCfg = Debug|Any CPU
		{5BA0429B-9568-4DB2-8C8F-C3BCB1AF5D25}.Debug|Any CPU.Build.0 = Debug|Any CPU
		{5BA0429B-9568-4DB2-8C8F-C3BCB1AF5D25}.Debug|arm64.ActiveCfg = Debug|Any CPU
		{5BA0429B-9568-4DB2-8C8F-C3BCB1AF5D25}.Debug|arm64.Build.0 = Debug|Any CPU
		{5BA0429B-9568-4DB2-8C8F-C3BCB1AF5D25}.Debug|x64.ActiveCfg = Debug|Any CPU
		{5BA0429B-9568-4DB2-8C8F-C3BCB1AF5D25}.Debug|x64.Build.0 = Debug|Any CPU
		{5BA0429B-9568-4DB2-8C8F-C3BCB1AF5D25}.Debug|x86.ActiveCfg = Debug|Any CPU
		{5BA0429B-9568-4DB2-8C8F-C3BCB1AF5D25}.Debug|x86.Build.0 = Debug|Any CPU
		{5BA0429B-9568-4DB2-8C8F-C3BCB1AF5D25}.Release|Any CPU.ActiveCfg = Release|Any CPU
		{5BA0429B-9568-4DB2-8C8F-C3BCB1AF5D25}.Release|Any CPU.Build.0 = Release|Any CPU
		{5BA0429B-9568-4DB2-8C8F-C3BCB1AF5D25}.Release|arm64.ActiveCfg = Release|Any CPU
		{5BA0429B-9568-4DB2-8C8F-C3BCB1AF5D25}.Release|arm64.Build.0 = Release|Any CPU
		{5BA0429B-9568-4DB2-8C8F-C3BCB1AF5D25}.Release|x64.ActiveCfg = Release|Any CPU
		{5BA0429B-9568-4DB2-8C8F-C3BCB1AF5D25}.Release|x64.Build.0 = Release|Any CPU
		{5BA0429B-9568-4DB2-8C8F-C3BCB1AF5D25}.Release|x86.ActiveCfg = Release|Any CPU
		{5BA0429B-9568-4DB2-8C8F-C3BCB1AF5D25}.Release|x86.Build.0 = Release|Any CPU
		{5BA0429B-9568-4DB2-8C8F-C3BCB1AF5D25}.ReleaseDeploy|Any CPU.ActiveCfg = Release|Any CPU
		{5BA0429B-9568-4DB2-8C8F-C3BCB1AF5D25}.ReleaseDeploy|Any CPU.Build.0 = Release|Any CPU
		{5BA0429B-9568-4DB2-8C8F-C3BCB1AF5D25}.ReleaseDeploy|arm64.ActiveCfg = Release|Any CPU
		{5BA0429B-9568-4DB2-8C8F-C3BCB1AF5D25}.ReleaseDeploy|arm64.Build.0 = Release|Any CPU
		{5BA0429B-9568-4DB2-8C8F-C3BCB1AF5D25}.ReleaseDeploy|x64.ActiveCfg = Release|Any CPU
		{5BA0429B-9568-4DB2-8C8F-C3BCB1AF5D25}.ReleaseDeploy|x64.Build.0 = Release|Any CPU
		{5BA0429B-9568-4DB2-8C8F-C3BCB1AF5D25}.ReleaseDeploy|x86.ActiveCfg = Release|Any CPU
		{5BA0429B-9568-4DB2-8C8F-C3BCB1AF5D25}.ReleaseDeploy|x86.Build.0 = Release|Any CPU
		{B197EFCA-223B-4D45-8BA4-860FB1CFB3FB}.Debug|Any CPU.ActiveCfg = Debug|Any CPU
		{B197EFCA-223B-4D45-8BA4-860FB1CFB3FB}.Debug|Any CPU.Build.0 = Debug|Any CPU
		{B197EFCA-223B-4D45-8BA4-860FB1CFB3FB}.Debug|arm64.ActiveCfg = Debug|Any CPU
		{B197EFCA-223B-4D45-8BA4-860FB1CFB3FB}.Debug|arm64.Build.0 = Debug|Any CPU
		{B197EFCA-223B-4D45-8BA4-860FB1CFB3FB}.Debug|x64.ActiveCfg = Debug|Any CPU
		{B197EFCA-223B-4D45-8BA4-860FB1CFB3FB}.Debug|x64.Build.0 = Debug|Any CPU
		{B197EFCA-223B-4D45-8BA4-860FB1CFB3FB}.Debug|x86.ActiveCfg = Debug|Any CPU
		{B197EFCA-223B-4D45-8BA4-860FB1CFB3FB}.Debug|x86.Build.0 = Debug|Any CPU
		{B197EFCA-223B-4D45-8BA4-860FB1CFB3FB}.Release|Any CPU.ActiveCfg = Release|Any CPU
		{B197EFCA-223B-4D45-8BA4-860FB1CFB3FB}.Release|Any CPU.Build.0 = Release|Any CPU
		{B197EFCA-223B-4D45-8BA4-860FB1CFB3FB}.Release|arm64.ActiveCfg = Release|Any CPU
		{B197EFCA-223B-4D45-8BA4-860FB1CFB3FB}.Release|arm64.Build.0 = Release|Any CPU
		{B197EFCA-223B-4D45-8BA4-860FB1CFB3FB}.Release|x64.ActiveCfg = Release|Any CPU
		{B197EFCA-223B-4D45-8BA4-860FB1CFB3FB}.Release|x64.Build.0 = Release|Any CPU
		{B197EFCA-223B-4D45-8BA4-860FB1CFB3FB}.Release|x86.ActiveCfg = Release|Any CPU
		{B197EFCA-223B-4D45-8BA4-860FB1CFB3FB}.Release|x86.Build.0 = Release|Any CPU
		{B197EFCA-223B-4D45-8BA4-860FB1CFB3FB}.ReleaseDeploy|Any CPU.ActiveCfg = Release|Any CPU
		{B197EFCA-223B-4D45-8BA4-860FB1CFB3FB}.ReleaseDeploy|Any CPU.Build.0 = Release|Any CPU
		{B197EFCA-223B-4D45-8BA4-860FB1CFB3FB}.ReleaseDeploy|arm64.ActiveCfg = Release|Any CPU
		{B197EFCA-223B-4D45-8BA4-860FB1CFB3FB}.ReleaseDeploy|arm64.Build.0 = Release|Any CPU
		{B197EFCA-223B-4D45-8BA4-860FB1CFB3FB}.ReleaseDeploy|x64.ActiveCfg = Release|Any CPU
		{B197EFCA-223B-4D45-8BA4-860FB1CFB3FB}.ReleaseDeploy|x64.Build.0 = Release|Any CPU
		{B197EFCA-223B-4D45-8BA4-860FB1CFB3FB}.ReleaseDeploy|x86.ActiveCfg = Release|Any CPU
		{B197EFCA-223B-4D45-8BA4-860FB1CFB3FB}.ReleaseDeploy|x86.Build.0 = Release|Any CPU
		{A034DA5D-51EF-4F3C-A69A-3355340F53F8}.Debug|Any CPU.ActiveCfg = Debug|Any CPU
		{A034DA5D-51EF-4F3C-A69A-3355340F53F8}.Debug|Any CPU.Build.0 = Debug|Any CPU
		{A034DA5D-51EF-4F3C-A69A-3355340F53F8}.Debug|arm64.ActiveCfg = Debug|Any CPU
		{A034DA5D-51EF-4F3C-A69A-3355340F53F8}.Debug|arm64.Build.0 = Debug|Any CPU
		{A034DA5D-51EF-4F3C-A69A-3355340F53F8}.Debug|x64.ActiveCfg = Debug|Any CPU
		{A034DA5D-51EF-4F3C-A69A-3355340F53F8}.Debug|x64.Build.0 = Debug|Any CPU
		{A034DA5D-51EF-4F3C-A69A-3355340F53F8}.Debug|x86.ActiveCfg = Debug|Any CPU
		{A034DA5D-51EF-4F3C-A69A-3355340F53F8}.Debug|x86.Build.0 = Debug|Any CPU
		{A034DA5D-51EF-4F3C-A69A-3355340F53F8}.Release|Any CPU.ActiveCfg = Release|Any CPU
		{A034DA5D-51EF-4F3C-A69A-3355340F53F8}.Release|Any CPU.Build.0 = Release|Any CPU
		{A034DA5D-51EF-4F3C-A69A-3355340F53F8}.Release|arm64.ActiveCfg = Release|Any CPU
		{A034DA5D-51EF-4F3C-A69A-3355340F53F8}.Release|arm64.Build.0 = Release|Any CPU
		{A034DA5D-51EF-4F3C-A69A-3355340F53F8}.Release|x64.ActiveCfg = Release|Any CPU
		{A034DA5D-51EF-4F3C-A69A-3355340F53F8}.Release|x64.Build.0 = Release|Any CPU
		{A034DA5D-51EF-4F3C-A69A-3355340F53F8}.Release|x86.ActiveCfg = Release|Any CPU
		{A034DA5D-51EF-4F3C-A69A-3355340F53F8}.Release|x86.Build.0 = Release|Any CPU
		{A034DA5D-51EF-4F3C-A69A-3355340F53F8}.ReleaseDeploy|Any CPU.ActiveCfg = Release|Any CPU
		{A034DA5D-51EF-4F3C-A69A-3355340F53F8}.ReleaseDeploy|Any CPU.Build.0 = Release|Any CPU
		{A034DA5D-51EF-4F3C-A69A-3355340F53F8}.ReleaseDeploy|arm64.ActiveCfg = Release|Any CPU
		{A034DA5D-51EF-4F3C-A69A-3355340F53F8}.ReleaseDeploy|arm64.Build.0 = Release|Any CPU
		{A034DA5D-51EF-4F3C-A69A-3355340F53F8}.ReleaseDeploy|x64.ActiveCfg = Release|Any CPU
		{A034DA5D-51EF-4F3C-A69A-3355340F53F8}.ReleaseDeploy|x64.Build.0 = Release|Any CPU
		{A034DA5D-51EF-4F3C-A69A-3355340F53F8}.ReleaseDeploy|x86.ActiveCfg = Release|Any CPU
		{A034DA5D-51EF-4F3C-A69A-3355340F53F8}.ReleaseDeploy|x86.Build.0 = Release|Any CPU
	EndGlobalSection
	GlobalSection(SolutionProperties) = preSolution
		HideSolutionNode = FALSE
	EndGlobalSection
	GlobalSection(ExtensibilityGlobals) = postSolution
		SolutionGuid = {9B2210AE-8EEB-45B5-AE24-73BE4C3F8453}
	EndGlobalSection
EndGlobal
